// !$*UTF8*$!
{
	archiveVersion = 1;
	classes = {
	};
	objectVersion = 55;
	objects = {

/* Begin PBXBuildFile section */
		203F14D9D42A8240BA393EFB /* Pods_Mirror_Glass.framework in Frameworks */ = {isa = PBXBuildFile; fileRef = 20C556C8D36AE011B84B6AAA /* Pods_Mirror_Glass.framework */; };
		66678B712846424300A93CED /* AppDelegate.swift in Sources */ = {isa = PBXBuildFile; fileRef = 66678B702846424300A93CED /* AppDelegate.swift */; };
		66678B732846424300A93CED /* SceneDelegate.swift in Sources */ = {isa = PBXBuildFile; fileRef = 66678B722846424300A93CED /* SceneDelegate.swift */; };
		66678B7B2846424300A93CED /* Mirror_Glass.xcdatamodeld in Sources */ = {isa = PBXBuildFile; fileRef = 66678B792846424300A93CED /* Mirror_Glass.xcdatamodeld */; };
		66678B7D2846424500A93CED /* Assets.xcassets in Resources */ = {isa = PBXBuildFile; fileRef = 66678B7C2846424500A93CED /* Assets.xcassets */; };
		66678B802846424500A93CED /* LaunchScreen.storyboard in Resources */ = {isa = PBXBuildFile; fileRef = 66678B7E2846424500A93CED /* LaunchScreen.storyboard */; };
		66678B8B2846424500A93CED /* Mirror_GlassTests.swift in Sources */ = {isa = PBXBuildFile; fileRef = 66678B8A2846424500A93CED /* Mirror_GlassTests.swift */; };
		66678BAA2846613F00A93CED /* R.generated.swift in Sources */ = {isa = PBXBuildFile; fileRef = 66678BA92846613F00A93CED /* R.generated.swift */; };
		66678BAC28466C5B00A93CED /* App.swift in Sources */ = {isa = PBXBuildFile; fileRef = 66678BAB28466C5B00A93CED /* App.swift */; };
		66678BB128466CF000A93CED /* ApiClient.swift in Sources */ = {isa = PBXBuildFile; fileRef = 66678BB028466CF000A93CED /* ApiClient.swift */; };
		66678BBC2846759900A93CED /* ApiResponse.swift in Sources */ = {isa = PBXBuildFile; fileRef = 66678BBB2846759900A93CED /* ApiResponse.swift */; };
		66678BBF2846760400A93CED /* AnyDecodable.swift in Sources */ = {isa = PBXBuildFile; fileRef = 66678BBE2846760400A93CED /* AnyDecodable.swift */; };
		66678BC5284677BC00A93CED /* Model.swift in Sources */ = {isa = PBXBuildFile; fileRef = 66678BC4284677BC00A93CED /* Model.swift */; };
		66678BC828467A0400A93CED /* DateFormatter+Static.swift in Sources */ = {isa = PBXBuildFile; fileRef = 66678BC728467A0400A93CED /* DateFormatter+Static.swift */; };
		66678BCA28467A5300A93CED /* Dictionary+Keypath.swift in Sources */ = {isa = PBXBuildFile; fileRef = 66678BC928467A5300A93CED /* Dictionary+Keypath.swift */; };
		66678BCD28467C1800A93CED /* Closures.swift in Sources */ = {isa = PBXBuildFile; fileRef = 66678BCC28467C1800A93CED /* Closures.swift */; };
		66678BCF28467E2800A93CED /* ModelID.swift in Sources */ = {isa = PBXBuildFile; fileRef = 66678BCE28467E2800A93CED /* ModelID.swift */; };
		66678BD92846805000A93CED /* Track.swift in Sources */ = {isa = PBXBuildFile; fileRef = 66678BD82846805000A93CED /* Track.swift */; };
		66678BDC2846838500A93CED /* ManagedObjectSerializing.swift in Sources */ = {isa = PBXBuildFile; fileRef = 66678BDB2846838500A93CED /* ManagedObjectSerializing.swift */; };
		66678BDE284683FC00A93CED /* CoreData.swift in Sources */ = {isa = PBXBuildFile; fileRef = 66678BDD284683FC00A93CED /* CoreData.swift */; };
		66678BE0284684B200A93CED /* ContextFetchability.swift in Sources */ = {isa = PBXBuildFile; fileRef = 66678BDF284684B200A93CED /* ContextFetchability.swift */; };
		66678BE32846878F00A93CED /* APIClient+Track.swift in Sources */ = {isa = PBXBuildFile; fileRef = 66678BE12846878F00A93CED /* APIClient+Track.swift */; };
		66678BE42846878F00A93CED /* TrackAPI.swift in Sources */ = {isa = PBXBuildFile; fileRef = 66678BE22846878F00A93CED /* TrackAPI.swift */; };
		66678BEA28468C2800A93CED /* TrackRepositoryService.swift in Sources */ = {isa = PBXBuildFile; fileRef = 66678BE828468C2800A93CED /* TrackRepositoryService.swift */; };
		66678BEB28468C2800A93CED /* TrackRepositoryServiceProtocol.swift in Sources */ = {isa = PBXBuildFile; fileRef = 66678BE928468C2800A93CED /* TrackRepositoryServiceProtocol.swift */; };
		87041A4F89AEFBBE12F2DBB7 /* Pods_Mirror_GlassTests.framework in Frameworks */ = {isa = PBXBuildFile; fileRef = 02C67E8BD2AA1B415729F87F /* Pods_Mirror_GlassTests.framework */; };
/* End PBXBuildFile section */

/* Begin PBXContainerItemProxy section */
		66678B872846424500A93CED /* PBXContainerItemProxy */ = {
			isa = PBXContainerItemProxy;
			containerPortal = 66678B652846424300A93CED /* Project object */;
			proxyType = 1;
			remoteGlobalIDString = 66678B6C2846424300A93CED;
			remoteInfo = "Mirror Glass";
		};
/* End PBXContainerItemProxy section */

/* Begin PBXFileReference section */
		02C67E8BD2AA1B415729F87F /* Pods_Mirror_GlassTests.framework */ = {isa = PBXFileReference; explicitFileType = wrapper.framework; includeInIndex = 0; path = Pods_Mirror_GlassTests.framework; sourceTree = BUILT_PRODUCTS_DIR; };
		20C556C8D36AE011B84B6AAA /* Pods_Mirror_Glass.framework */ = {isa = PBXFileReference; explicitFileType = wrapper.framework; includeInIndex = 0; path = Pods_Mirror_Glass.framework; sourceTree = BUILT_PRODUCTS_DIR; };
		552625C539C8687685FEA69E /* Pods-Mirror Glass.release.xcconfig */ = {isa = PBXFileReference; includeInIndex = 1; lastKnownFileType = text.xcconfig; name = "Pods-Mirror Glass.release.xcconfig"; path = "Target Support Files/Pods-Mirror Glass/Pods-Mirror Glass.release.xcconfig"; sourceTree = "<group>"; };
		66678B6D2846424300A93CED /* Mirror Glass.app */ = {isa = PBXFileReference; explicitFileType = wrapper.application; includeInIndex = 0; path = "Mirror Glass.app"; sourceTree = BUILT_PRODUCTS_DIR; };
		66678B702846424300A93CED /* AppDelegate.swift */ = {isa = PBXFileReference; lastKnownFileType = sourcecode.swift; path = AppDelegate.swift; sourceTree = "<group>"; };
		66678B722846424300A93CED /* SceneDelegate.swift */ = {isa = PBXFileReference; lastKnownFileType = sourcecode.swift; path = SceneDelegate.swift; sourceTree = "<group>"; };
		66678B7A2846424300A93CED /* Mirror_Glass.xcdatamodel */ = {isa = PBXFileReference; lastKnownFileType = wrapper.xcdatamodel; path = Mirror_Glass.xcdatamodel; sourceTree = "<group>"; };
		66678B7C2846424500A93CED /* Assets.xcassets */ = {isa = PBXFileReference; lastKnownFileType = folder.assetcatalog; path = Assets.xcassets; sourceTree = "<group>"; };
		66678B7F2846424500A93CED /* Base */ = {isa = PBXFileReference; lastKnownFileType = file.storyboard; name = Base; path = Base.lproj/LaunchScreen.storyboard; sourceTree = "<group>"; };
		66678B812846424500A93CED /* Info.plist */ = {isa = PBXFileReference; lastKnownFileType = text.plist.xml; path = Info.plist; sourceTree = "<group>"; };
		66678B862846424500A93CED /* Mirror GlassTests.xctest */ = {isa = PBXFileReference; explicitFileType = wrapper.cfbundle; includeInIndex = 0; path = "Mirror GlassTests.xctest"; sourceTree = BUILT_PRODUCTS_DIR; };
		66678B8A2846424500A93CED /* Mirror_GlassTests.swift */ = {isa = PBXFileReference; lastKnownFileType = sourcecode.swift; path = Mirror_GlassTests.swift; sourceTree = "<group>"; };
		66678BA92846613F00A93CED /* R.generated.swift */ = {isa = PBXFileReference; fileEncoding = 4; lastKnownFileType = sourcecode.swift; path = R.generated.swift; sourceTree = SOURCE_ROOT; };
		66678BAB28466C5B00A93CED /* App.swift */ = {isa = PBXFileReference; lastKnownFileType = sourcecode.swift; path = App.swift; sourceTree = "<group>"; };
		66678BB028466CF000A93CED /* ApiClient.swift */ = {isa = PBXFileReference; lastKnownFileType = sourcecode.swift; path = ApiClient.swift; sourceTree = "<group>"; };
		66678BBB2846759900A93CED /* ApiResponse.swift */ = {isa = PBXFileReference; lastKnownFileType = sourcecode.swift; path = ApiResponse.swift; sourceTree = "<group>"; };
		66678BBE2846760400A93CED /* AnyDecodable.swift */ = {isa = PBXFileReference; lastKnownFileType = sourcecode.swift; path = AnyDecodable.swift; sourceTree = "<group>"; };
		66678BC4284677BC00A93CED /* Model.swift */ = {isa = PBXFileReference; lastKnownFileType = sourcecode.swift; path = Model.swift; sourceTree = "<group>"; };
		66678BC728467A0400A93CED /* DateFormatter+Static.swift */ = {isa = PBXFileReference; lastKnownFileType = sourcecode.swift; path = "DateFormatter+Static.swift"; sourceTree = "<group>"; };
		66678BC928467A5300A93CED /* Dictionary+Keypath.swift */ = {isa = PBXFileReference; lastKnownFileType = sourcecode.swift; path = "Dictionary+Keypath.swift"; sourceTree = "<group>"; };
		66678BCC28467C1800A93CED /* Closures.swift */ = {isa = PBXFileReference; lastKnownFileType = sourcecode.swift; path = Closures.swift; sourceTree = "<group>"; };
		66678BCE28467E2800A93CED /* ModelID.swift */ = {isa = PBXFileReference; lastKnownFileType = sourcecode.swift; path = ModelID.swift; sourceTree = "<group>"; };
		66678BD82846805000A93CED /* Track.swift */ = {isa = PBXFileReference; lastKnownFileType = sourcecode.swift; path = Track.swift; sourceTree = "<group>"; };
		66678BDB2846838500A93CED /* ManagedObjectSerializing.swift */ = {isa = PBXFileReference; lastKnownFileType = sourcecode.swift; path = ManagedObjectSerializing.swift; sourceTree = "<group>"; };
		66678BDD284683FC00A93CED /* CoreData.swift */ = {isa = PBXFileReference; lastKnownFileType = sourcecode.swift; path = CoreData.swift; sourceTree = "<group>"; };
		66678BDF284684B200A93CED /* ContextFetchability.swift */ = {isa = PBXFileReference; lastKnownFileType = sourcecode.swift; path = ContextFetchability.swift; sourceTree = "<group>"; };
		66678BE12846878F00A93CED /* APIClient+Track.swift */ = {isa = PBXFileReference; lastKnownFileType = sourcecode.swift; path = "APIClient+Track.swift"; sourceTree = "<group>"; };
		66678BE22846878F00A93CED /* TrackAPI.swift */ = {isa = PBXFileReference; lastKnownFileType = sourcecode.swift; path = TrackAPI.swift; sourceTree = "<group>"; };
		66678BE828468C2800A93CED /* TrackRepositoryService.swift */ = {isa = PBXFileReference; lastKnownFileType = sourcecode.swift; path = TrackRepositoryService.swift; sourceTree = "<group>"; };
		66678BE928468C2800A93CED /* TrackRepositoryServiceProtocol.swift */ = {isa = PBXFileReference; lastKnownFileType = sourcecode.swift; path = TrackRepositoryServiceProtocol.swift; sourceTree = "<group>"; };
		9EDC58C89A45FCFACF05838E /* Pods-Mirror GlassTests.debug.xcconfig */ = {isa = PBXFileReference; includeInIndex = 1; lastKnownFileType = text.xcconfig; name = "Pods-Mirror GlassTests.debug.xcconfig"; path = "Target Support Files/Pods-Mirror GlassTests/Pods-Mirror GlassTests.debug.xcconfig"; sourceTree = "<group>"; };
		CBBB55EB55F5F46446BC1E54 /* Pods-Mirror GlassTests.release.xcconfig */ = {isa = PBXFileReference; includeInIndex = 1; lastKnownFileType = text.xcconfig; name = "Pods-Mirror GlassTests.release.xcconfig"; path = "Target Support Files/Pods-Mirror GlassTests/Pods-Mirror GlassTests.release.xcconfig"; sourceTree = "<group>"; };
		D4F2E86BAB67D9461F73EA0D /* Pods-Mirror Glass.debug.xcconfig */ = {isa = PBXFileReference; includeInIndex = 1; lastKnownFileType = text.xcconfig; name = "Pods-Mirror Glass.debug.xcconfig"; path = "Target Support Files/Pods-Mirror Glass/Pods-Mirror Glass.debug.xcconfig"; sourceTree = "<group>"; };
/* End PBXFileReference section */

/* Begin PBXFrameworksBuildPhase section */
		66678B6A2846424300A93CED /* Frameworks */ = {
			isa = PBXFrameworksBuildPhase;
			buildActionMask = 2147483647;
			files = (
				203F14D9D42A8240BA393EFB /* Pods_Mirror_Glass.framework in Frameworks */,
			);
			runOnlyForDeploymentPostprocessing = 0;
		};
		66678B832846424500A93CED /* Frameworks */ = {
			isa = PBXFrameworksBuildPhase;
			buildActionMask = 2147483647;
			files = (
				87041A4F89AEFBBE12F2DBB7 /* Pods_Mirror_GlassTests.framework in Frameworks */,
			);
			runOnlyForDeploymentPostprocessing = 0;
		};
/* End PBXFrameworksBuildPhase section */

/* Begin PBXGroup section */
		37725A45F9ACDA4187AA8872 /* Frameworks */ = {
			isa = PBXGroup;
			children = (
				20C556C8D36AE011B84B6AAA /* Pods_Mirror_Glass.framework */,
				02C67E8BD2AA1B415729F87F /* Pods_Mirror_GlassTests.framework */,
			);
			name = Frameworks;
			sourceTree = "<group>";
		};
		416178926C28AED3EE5C7E52 /* Pods */ = {
			isa = PBXGroup;
			children = (
				D4F2E86BAB67D9461F73EA0D /* Pods-Mirror Glass.debug.xcconfig */,
				552625C539C8687685FEA69E /* Pods-Mirror Glass.release.xcconfig */,
				9EDC58C89A45FCFACF05838E /* Pods-Mirror GlassTests.debug.xcconfig */,
				CBBB55EB55F5F46446BC1E54 /* Pods-Mirror GlassTests.release.xcconfig */,
			);
			path = Pods;
			sourceTree = "<group>";
		};
		66678B642846424300A93CED = {
			isa = PBXGroup;
			children = (
				66678B6F2846424300A93CED /* Mirror Glass */,
				66678B892846424500A93CED /* Mirror GlassTests */,
				66678B6E2846424300A93CED /* Products */,
				416178926C28AED3EE5C7E52 /* Pods */,
				37725A45F9ACDA4187AA8872 /* Frameworks */,
			);
			sourceTree = "<group>";
		};
		66678B6E2846424300A93CED /* Products */ = {
			isa = PBXGroup;
			children = (
				66678B6D2846424300A93CED /* Mirror Glass.app */,
				66678B862846424500A93CED /* Mirror GlassTests.xctest */,
			);
			name = Products;
			sourceTree = "<group>";
		};
		66678B6F2846424300A93CED /* Mirror Glass */ = {
			isa = PBXGroup;
			children = (
				66678B812846424500A93CED /* Info.plist */,
				66678BA92846613F00A93CED /* R.generated.swift */,
				66678B7E2846424500A93CED /* LaunchScreen.storyboard */,
				66678B702846424300A93CED /* AppDelegate.swift */,
				66678B722846424300A93CED /* SceneDelegate.swift */,
				66678BA628465AAA00A93CED /* App */,
				66678BA528465A9E00A93CED /* Scenes */,
				66678BD028467FE800A93CED /* Common */,
				66678BAD28466CCC00A93CED /* Core */,
				66678BA728465CA800A93CED /* Assets */,
			);
			path = "Mirror Glass";
			sourceTree = "<group>";
		};
		66678B892846424500A93CED /* Mirror GlassTests */ = {
			isa = PBXGroup;
			children = (
				66678B8A2846424500A93CED /* Mirror_GlassTests.swift */,
			);
			path = "Mirror GlassTests";
			sourceTree = "<group>";
		};
		66678BA528465A9E00A93CED /* Scenes */ = {
			isa = PBXGroup;
			children = (
			);
			path = Scenes;
			sourceTree = "<group>";
		};
		66678BA628465AAA00A93CED /* App */ = {
			isa = PBXGroup;
			children = (
				66678BAB28466C5B00A93CED /* App.swift */,
			);
			path = App;
			sourceTree = "<group>";
		};
		66678BA728465CA800A93CED /* Assets */ = {
			isa = PBXGroup;
			children = (
				66678B7C2846424500A93CED /* Assets.xcassets */,
				66678B792846424300A93CED /* Mirror_Glass.xcdatamodeld */,
			);
			path = Assets;
			sourceTree = "<group>";
		};
		66678BAD28466CCC00A93CED /* Core */ = {
			isa = PBXGroup;
			children = (
				66678BCB28467C1200A93CED /* Helpers */,
				66678BC6284679F300A93CED /* Extensions */,
				66678BC3284677B600A93CED /* Models */,
				66678BAE28466CD600A93CED /* Clients */,
			);
			path = Core;
			sourceTree = "<group>";
		};
		66678BAE28466CD600A93CED /* Clients */ = {
			isa = PBXGroup;
			children = (
				66678BAF28466CD900A93CED /* API */,
			);
			path = Clients;
			sourceTree = "<group>";
		};
		66678BAF28466CD900A93CED /* API */ = {
			isa = PBXGroup;
			children = (
				66678BB5284671B100A93CED /* Models */,
				66678BB028466CF000A93CED /* ApiClient.swift */,
			);
			path = API;
			sourceTree = "<group>";
		};
		66678BB5284671B100A93CED /* Models */ = {
			isa = PBXGroup;
			children = (
				66678BBD284675B200A93CED /* Helpers */,
				66678BBB2846759900A93CED /* ApiResponse.swift */,
			);
			path = Models;
			sourceTree = "<group>";
		};
		66678BBD284675B200A93CED /* Helpers */ = {
			isa = PBXGroup;
			children = (
				66678BBE2846760400A93CED /* AnyDecodable.swift */,
			);
			path = Helpers;
			sourceTree = "<group>";
		};
		66678BC3284677B600A93CED /* Models */ = {
			isa = PBXGroup;
			children = (
				66678BDA2846837700A93CED /* Persistence */,
				66678BC4284677BC00A93CED /* Model.swift */,
				66678BCE28467E2800A93CED /* ModelID.swift */,
			);
			path = Models;
			sourceTree = "<group>";
		};
		66678BC6284679F300A93CED /* Extensions */ = {
			isa = PBXGroup;
			children = (
				66678BC728467A0400A93CED /* DateFormatter+Static.swift */,
				66678BC928467A5300A93CED /* Dictionary+Keypath.swift */,
			);
			path = Extensions;
			sourceTree = "<group>";
		};
		66678BCB28467C1200A93CED /* Helpers */ = {
			isa = PBXGroup;
			children = (
				66678BCC28467C1800A93CED /* Closures.swift */,
			);
			path = Helpers;
			sourceTree = "<group>";
		};
		66678BD028467FE800A93CED /* Common */ = {
			isa = PBXGroup;
			children = (
				66678BD62846803A00A93CED /* Models */,
				66678BD42846801300A93CED /* Services */,
				66678BD128467FFB00A93CED /* Clients */,
			);
			path = Common;
			sourceTree = "<group>";
		};
		66678BD128467FFB00A93CED /* Clients */ = {
			isa = PBXGroup;
			children = (
				66678BD22846800200A93CED /* API */,
			);
			path = Clients;
			sourceTree = "<group>";
		};
		66678BD22846800200A93CED /* API */ = {
			isa = PBXGroup;
			children = (
				66678BD32846800400A93CED /* Tracks */,
			);
			path = API;
			sourceTree = "<group>";
		};
		66678BD32846800400A93CED /* Tracks */ = {
			isa = PBXGroup;
			children = (
				66678BE12846878F00A93CED /* APIClient+Track.swift */,
				66678BE22846878F00A93CED /* TrackAPI.swift */,
			);
			path = Tracks;
			sourceTree = "<group>";
		};
		66678BD42846801300A93CED /* Services */ = {
			isa = PBXGroup;
			children = (
				66678BD52846801500A93CED /* Tracks */,
			);
			path = Services;
			sourceTree = "<group>";
		};
		66678BD52846801500A93CED /* Tracks */ = {
			isa = PBXGroup;
			children = (
				66678BE828468C2800A93CED /* TrackRepositoryService.swift */,
				66678BE928468C2800A93CED /* TrackRepositoryServiceProtocol.swift */,
			);
			path = Tracks;
			sourceTree = "<group>";
		};
		66678BD62846803A00A93CED /* Models */ = {
			isa = PBXGroup;
			children = (
				66678BD72846804000A93CED /* Domain */,
			);
			path = Models;
			sourceTree = "<group>";
		};
		66678BD72846804000A93CED /* Domain */ = {
			isa = PBXGroup;
			children = (
				66678BD82846805000A93CED /* Track.swift */,
			);
			path = Domain;
			sourceTree = "<group>";
		};
		66678BDA2846837700A93CED /* Persistence */ = {
			isa = PBXGroup;
			children = (
				66678BDB2846838500A93CED /* ManagedObjectSerializing.swift */,
				66678BDD284683FC00A93CED /* CoreData.swift */,
				66678BDF284684B200A93CED /* ContextFetchability.swift */,
			);
			path = Persistence;
			sourceTree = "<group>";
		};
/* End PBXGroup section */

/* Begin PBXNativeTarget section */
		66678B6C2846424300A93CED /* Mirror Glass */ = {
			isa = PBXNativeTarget;
			buildConfigurationList = 66678B9A2846424500A93CED /* Build configuration list for PBXNativeTarget "Mirror Glass" */;
			buildPhases = (
				B7E51FCFDD70DA470FC88881 /* [CP] Check Pods Manifest.lock */,
				66678BA828465F9A00A93CED /* ShellScript */,
				66678B692846424300A93CED /* Sources */,
				66678B6A2846424300A93CED /* Frameworks */,
				66678B6B2846424300A93CED /* Resources */,
				965C22E232281C2A7FF1704D /* [CP] Embed Pods Frameworks */,
			);
			buildRules = (
			);
			dependencies = (
			);
			name = "Mirror Glass";
			productName = "Mirror Glass";
			productReference = 66678B6D2846424300A93CED /* Mirror Glass.app */;
			productType = "com.apple.product-type.application";
		};
		66678B852846424500A93CED /* Mirror GlassTests */ = {
			isa = PBXNativeTarget;
			buildConfigurationList = 66678B9D2846424500A93CED /* Build configuration list for PBXNativeTarget "Mirror GlassTests" */;
			buildPhases = (
				506FA80F8F0DB9A777459421 /* [CP] Check Pods Manifest.lock */,
				66678B822846424500A93CED /* Sources */,
				66678B832846424500A93CED /* Frameworks */,
				66678B842846424500A93CED /* Resources */,
				F64B9806CEB44AFCF464CC78 /* [CP] Embed Pods Frameworks */,
			);
			buildRules = (
			);
			dependencies = (
				66678B882846424500A93CED /* PBXTargetDependency */,
			);
			name = "Mirror GlassTests";
			productName = "Mirror GlassTests";
			productReference = 66678B862846424500A93CED /* Mirror GlassTests.xctest */;
			productType = "com.apple.product-type.bundle.unit-test";
		};
/* End PBXNativeTarget section */

/* Begin PBXProject section */
		66678B652846424300A93CED /* Project object */ = {
			isa = PBXProject;
			attributes = {
				BuildIndependentTargetsInParallel = 1;
				LastSwiftUpdateCheck = 1330;
				LastUpgradeCheck = 1330;
				TargetAttributes = {
					66678B6C2846424300A93CED = {
						CreatedOnToolsVersion = 13.3;
					};
					66678B852846424500A93CED = {
						CreatedOnToolsVersion = 13.3;
						TestTargetID = 66678B6C2846424300A93CED;
					};
				};
			};
			buildConfigurationList = 66678B682846424300A93CED /* Build configuration list for PBXProject "Mirror Glass" */;
			compatibilityVersion = "Xcode 13.0";
			developmentRegion = en;
			hasScannedForEncodings = 0;
			knownRegions = (
				en,
				Base,
			);
			mainGroup = 66678B642846424300A93CED;
			productRefGroup = 66678B6E2846424300A93CED /* Products */;
			projectDirPath = "";
			projectRoot = "";
			targets = (
				66678B6C2846424300A93CED /* Mirror Glass */,
				66678B852846424500A93CED /* Mirror GlassTests */,
			);
		};
/* End PBXProject section */

/* Begin PBXResourcesBuildPhase section */
		66678B6B2846424300A93CED /* Resources */ = {
			isa = PBXResourcesBuildPhase;
			buildActionMask = 2147483647;
			files = (
				66678B802846424500A93CED /* LaunchScreen.storyboard in Resources */,
				66678B7D2846424500A93CED /* Assets.xcassets in Resources */,
			);
			runOnlyForDeploymentPostprocessing = 0;
		};
		66678B842846424500A93CED /* Resources */ = {
			isa = PBXResourcesBuildPhase;
			buildActionMask = 2147483647;
			files = (
			);
			runOnlyForDeploymentPostprocessing = 0;
		};
/* End PBXResourcesBuildPhase section */

/* Begin PBXShellScriptBuildPhase section */
		506FA80F8F0DB9A777459421 /* [CP] Check Pods Manifest.lock */ = {
			isa = PBXShellScriptBuildPhase;
			buildActionMask = 2147483647;
			files = (
			);
			inputFileListPaths = (
			);
			inputPaths = (
				"${PODS_PODFILE_DIR_PATH}/Podfile.lock",
				"${PODS_ROOT}/Manifest.lock",
			);
			name = "[CP] Check Pods Manifest.lock";
			outputFileListPaths = (
			);
			outputPaths = (
				"$(DERIVED_FILE_DIR)/Pods-Mirror GlassTests-checkManifestLockResult.txt",
			);
			runOnlyForDeploymentPostprocessing = 0;
			shellPath = /bin/sh;
			shellScript = "diff \"${PODS_PODFILE_DIR_PATH}/Podfile.lock\" \"${PODS_ROOT}/Manifest.lock\" > /dev/null\nif [ $? != 0 ] ; then\n    # print error to STDERR\n    echo \"error: The sandbox is not in sync with the Podfile.lock. Run 'pod install' or update your CocoaPods installation.\" >&2\n    exit 1\nfi\n# This output is used by Xcode 'outputs' to avoid re-running this script phase.\necho \"SUCCESS\" > \"${SCRIPT_OUTPUT_FILE_0}\"\n";
			showEnvVarsInLog = 0;
		};
		66678BA828465F9A00A93CED /* ShellScript */ = {
			isa = PBXShellScriptBuildPhase;
			alwaysOutOfDate = 1;
			buildActionMask = 2147483647;
			files = (
			);
			inputFileListPaths = (
			);
			inputPaths = (
			);
			outputFileListPaths = (
			);
			outputPaths = (
				$SRCROOT/R.generated.swift,
			);
			runOnlyForDeploymentPostprocessing = 0;
			shellPath = /bin/sh;
			shellScript = "# Type a script or drag a script file from your workspace to insert its path.\n\"$PODS_ROOT/R.swift/rswift\" generate \"$SRCROOT/R.generated.swift\"\n";
		};
		965C22E232281C2A7FF1704D /* [CP] Embed Pods Frameworks */ = {
			isa = PBXShellScriptBuildPhase;
			buildActionMask = 2147483647;
			files = (
			);
			inputFileListPaths = (
				"${PODS_ROOT}/Target Support Files/Pods-Mirror Glass/Pods-Mirror Glass-frameworks-${CONFIGURATION}-input-files.xcfilelist",
			);
			name = "[CP] Embed Pods Frameworks";
			outputFileListPaths = (
				"${PODS_ROOT}/Target Support Files/Pods-Mirror Glass/Pods-Mirror Glass-frameworks-${CONFIGURATION}-output-files.xcfilelist",
			);
			runOnlyForDeploymentPostprocessing = 0;
			shellPath = /bin/sh;
			shellScript = "\"${PODS_ROOT}/Target Support Files/Pods-Mirror Glass/Pods-Mirror Glass-frameworks.sh\"\n";
			showEnvVarsInLog = 0;
		};
		B7E51FCFDD70DA470FC88881 /* [CP] Check Pods Manifest.lock */ = {
			isa = PBXShellScriptBuildPhase;
			buildActionMask = 2147483647;
			files = (
			);
			inputFileListPaths = (
			);
			inputPaths = (
				"${PODS_PODFILE_DIR_PATH}/Podfile.lock",
				"${PODS_ROOT}/Manifest.lock",
			);
			name = "[CP] Check Pods Manifest.lock";
			outputFileListPaths = (
			);
			outputPaths = (
				"$(DERIVED_FILE_DIR)/Pods-Mirror Glass-checkManifestLockResult.txt",
			);
			runOnlyForDeploymentPostprocessing = 0;
			shellPath = /bin/sh;
			shellScript = "diff \"${PODS_PODFILE_DIR_PATH}/Podfile.lock\" \"${PODS_ROOT}/Manifest.lock\" > /dev/null\nif [ $? != 0 ] ; then\n    # print error to STDERR\n    echo \"error: The sandbox is not in sync with the Podfile.lock. Run 'pod install' or update your CocoaPods installation.\" >&2\n    exit 1\nfi\n# This output is used by Xcode 'outputs' to avoid re-running this script phase.\necho \"SUCCESS\" > \"${SCRIPT_OUTPUT_FILE_0}\"\n";
			showEnvVarsInLog = 0;
		};
		F64B9806CEB44AFCF464CC78 /* [CP] Embed Pods Frameworks */ = {
			isa = PBXShellScriptBuildPhase;
			buildActionMask = 2147483647;
			files = (
			);
			inputFileListPaths = (
				"${PODS_ROOT}/Target Support Files/Pods-Mirror GlassTests/Pods-Mirror GlassTests-frameworks-${CONFIGURATION}-input-files.xcfilelist",
			);
			name = "[CP] Embed Pods Frameworks";
			outputFileListPaths = (
				"${PODS_ROOT}/Target Support Files/Pods-Mirror GlassTests/Pods-Mirror GlassTests-frameworks-${CONFIGURATION}-output-files.xcfilelist",
			);
			runOnlyForDeploymentPostprocessing = 0;
			shellPath = /bin/sh;
			shellScript = "\"${PODS_ROOT}/Target Support Files/Pods-Mirror GlassTests/Pods-Mirror GlassTests-frameworks.sh\"\n";
			showEnvVarsInLog = 0;
		};
/* End PBXShellScriptBuildPhase section */

/* Begin PBXSourcesBuildPhase section */
		66678B692846424300A93CED /* Sources */ = {
			isa = PBXSourcesBuildPhase;
			buildActionMask = 2147483647;
			files = (
				66678BC828467A0400A93CED /* DateFormatter+Static.swift in Sources */,
				66678BC5284677BC00A93CED /* Model.swift in Sources */,
				66678BBF2846760400A93CED /* AnyDecodable.swift in Sources */,
				66678B7B2846424300A93CED /* Mirror_Glass.xcdatamodeld in Sources */,
				66678BE0284684B200A93CED /* ContextFetchability.swift in Sources */,
				66678BEA28468C2800A93CED /* TrackRepositoryService.swift in Sources */,
				66678BE32846878F00A93CED /* APIClient+Track.swift in Sources */,
				66678BEB28468C2800A93CED /* TrackRepositoryServiceProtocol.swift in Sources */,
				66678B712846424300A93CED /* AppDelegate.swift in Sources */,
				66678BCD28467C1800A93CED /* Closures.swift in Sources */,
				66678BCF28467E2800A93CED /* ModelID.swift in Sources */,
				66678B732846424300A93CED /* SceneDelegate.swift in Sources */,
				66678BBC2846759900A93CED /* ApiResponse.swift in Sources */,
				66678BAC28466C5B00A93CED /* App.swift in Sources */,
				66678BAA2846613F00A93CED /* R.generated.swift in Sources */,
				66678BE42846878F00A93CED /* TrackAPI.swift in Sources */,
				66678BB128466CF000A93CED /* ApiClient.swift in Sources */,
				66678BDE284683FC00A93CED /* CoreData.swift in Sources */,
				66678BCA28467A5300A93CED /* Dictionary+Keypath.swift in Sources */,
				66678BD92846805000A93CED /* Track.swift in Sources */,
				66678BDC2846838500A93CED /* ManagedObjectSerializing.swift in Sources */,
			);
			runOnlyForDeploymentPostprocessing = 0;
		};
		66678B822846424500A93CED /* Sources */ = {
			isa = PBXSourcesBuildPhase;
			buildActionMask = 2147483647;
			files = (
				66678B8B2846424500A93CED /* Mirror_GlassTests.swift in Sources */,
			);
			runOnlyForDeploymentPostprocessing = 0;
		};
/* End PBXSourcesBuildPhase section */

/* Begin PBXTargetDependency section */
		66678B882846424500A93CED /* PBXTargetDependency */ = {
			isa = PBXTargetDependency;
			target = 66678B6C2846424300A93CED /* Mirror Glass */;
			targetProxy = 66678B872846424500A93CED /* PBXContainerItemProxy */;
		};
/* End PBXTargetDependency section */

/* Begin PBXVariantGroup section */
		66678B7E2846424500A93CED /* LaunchScreen.storyboard */ = {
			isa = PBXVariantGroup;
			children = (
				66678B7F2846424500A93CED /* Base */,
			);
			name = LaunchScreen.storyboard;
			sourceTree = "<group>";
		};
/* End PBXVariantGroup section */

/* Begin XCBuildConfiguration section */
		66678B982846424500A93CED /* Debug */ = {
			isa = XCBuildConfiguration;
			buildSettings = {
				ALWAYS_SEARCH_USER_PATHS = NO;
				CLANG_ANALYZER_NONNULL = YES;
				CLANG_ANALYZER_NUMBER_OBJECT_CONVERSION = YES_AGGRESSIVE;
				CLANG_CXX_LANGUAGE_STANDARD = "gnu++17";
				CLANG_ENABLE_MODULES = YES;
				CLANG_ENABLE_OBJC_ARC = YES;
				CLANG_ENABLE_OBJC_WEAK = YES;
				CLANG_WARN_BLOCK_CAPTURE_AUTORELEASING = YES;
				CLANG_WARN_BOOL_CONVERSION = YES;
				CLANG_WARN_COMMA = YES;
				CLANG_WARN_CONSTANT_CONVERSION = YES;
				CLANG_WARN_DEPRECATED_OBJC_IMPLEMENTATIONS = YES;
				CLANG_WARN_DIRECT_OBJC_ISA_USAGE = YES_ERROR;
				CLANG_WARN_DOCUMENTATION_COMMENTS = YES;
				CLANG_WARN_EMPTY_BODY = YES;
				CLANG_WARN_ENUM_CONVERSION = YES;
				CLANG_WARN_INFINITE_RECURSION = YES;
				CLANG_WARN_INT_CONVERSION = YES;
				CLANG_WARN_NON_LITERAL_NULL_CONVERSION = YES;
				CLANG_WARN_OBJC_IMPLICIT_RETAIN_SELF = YES;
				CLANG_WARN_OBJC_LITERAL_CONVERSION = YES;
				CLANG_WARN_OBJC_ROOT_CLASS = YES_ERROR;
				CLANG_WARN_QUOTED_INCLUDE_IN_FRAMEWORK_HEADER = YES;
				CLANG_WARN_RANGE_LOOP_ANALYSIS = YES;
				CLANG_WARN_STRICT_PROTOTYPES = YES;
				CLANG_WARN_SUSPICIOUS_MOVE = YES;
				CLANG_WARN_UNGUARDED_AVAILABILITY = YES_AGGRESSIVE;
				CLANG_WARN_UNREACHABLE_CODE = YES;
				CLANG_WARN__DUPLICATE_METHOD_MATCH = YES;
				COPY_PHASE_STRIP = NO;
				DEBUG_INFORMATION_FORMAT = dwarf;
				ENABLE_STRICT_OBJC_MSGSEND = YES;
				ENABLE_TESTABILITY = YES;
				GCC_C_LANGUAGE_STANDARD = gnu11;
				GCC_DYNAMIC_NO_PIC = NO;
				GCC_NO_COMMON_BLOCKS = YES;
				GCC_OPTIMIZATION_LEVEL = 0;
				GCC_PREPROCESSOR_DEFINITIONS = (
					"DEBUG=1",
					"$(inherited)",
				);
				GCC_WARN_64_TO_32_BIT_CONVERSION = YES;
				GCC_WARN_ABOUT_RETURN_TYPE = YES_ERROR;
				GCC_WARN_UNDECLARED_SELECTOR = YES;
				GCC_WARN_UNINITIALIZED_AUTOS = YES_AGGRESSIVE;
				GCC_WARN_UNUSED_FUNCTION = YES;
				GCC_WARN_UNUSED_VARIABLE = YES;
				IPHONEOS_DEPLOYMENT_TARGET = 15.4;
				MTL_ENABLE_DEBUG_INFO = INCLUDE_SOURCE;
				MTL_FAST_MATH = YES;
				ONLY_ACTIVE_ARCH = YES;
				SDKROOT = iphoneos;
				SWIFT_ACTIVE_COMPILATION_CONDITIONS = DEBUG;
				SWIFT_OPTIMIZATION_LEVEL = "-Onone";
			};
			name = Debug;
		};
		66678B992846424500A93CED /* Release */ = {
			isa = XCBuildConfiguration;
			buildSettings = {
				ALWAYS_SEARCH_USER_PATHS = NO;
				CLANG_ANALYZER_NONNULL = YES;
				CLANG_ANALYZER_NUMBER_OBJECT_CONVERSION = YES_AGGRESSIVE;
				CLANG_CXX_LANGUAGE_STANDARD = "gnu++17";
				CLANG_ENABLE_MODULES = YES;
				CLANG_ENABLE_OBJC_ARC = YES;
				CLANG_ENABLE_OBJC_WEAK = YES;
				CLANG_WARN_BLOCK_CAPTURE_AUTORELEASING = YES;
				CLANG_WARN_BOOL_CONVERSION = YES;
				CLANG_WARN_COMMA = YES;
				CLANG_WARN_CONSTANT_CONVERSION = YES;
				CLANG_WARN_DEPRECATED_OBJC_IMPLEMENTATIONS = YES;
				CLANG_WARN_DIRECT_OBJC_ISA_USAGE = YES_ERROR;
				CLANG_WARN_DOCUMENTATION_COMMENTS = YES;
				CLANG_WARN_EMPTY_BODY = YES;
				CLANG_WARN_ENUM_CONVERSION = YES;
				CLANG_WARN_INFINITE_RECURSION = YES;
				CLANG_WARN_INT_CONVERSION = YES;
				CLANG_WARN_NON_LITERAL_NULL_CONVERSION = YES;
				CLANG_WARN_OBJC_IMPLICIT_RETAIN_SELF = YES;
				CLANG_WARN_OBJC_LITERAL_CONVERSION = YES;
				CLANG_WARN_OBJC_ROOT_CLASS = YES_ERROR;
				CLANG_WARN_QUOTED_INCLUDE_IN_FRAMEWORK_HEADER = YES;
				CLANG_WARN_RANGE_LOOP_ANALYSIS = YES;
				CLANG_WARN_STRICT_PROTOTYPES = YES;
				CLANG_WARN_SUSPICIOUS_MOVE = YES;
				CLANG_WARN_UNGUARDED_AVAILABILITY = YES_AGGRESSIVE;
				CLANG_WARN_UNREACHABLE_CODE = YES;
				CLANG_WARN__DUPLICATE_METHOD_MATCH = YES;
				COPY_PHASE_STRIP = NO;
				DEBUG_INFORMATION_FORMAT = "dwarf-with-dsym";
				ENABLE_NS_ASSERTIONS = NO;
				ENABLE_STRICT_OBJC_MSGSEND = YES;
				GCC_C_LANGUAGE_STANDARD = gnu11;
				GCC_NO_COMMON_BLOCKS = YES;
				GCC_WARN_64_TO_32_BIT_CONVERSION = YES;
				GCC_WARN_ABOUT_RETURN_TYPE = YES_ERROR;
				GCC_WARN_UNDECLARED_SELECTOR = YES;
				GCC_WARN_UNINITIALIZED_AUTOS = YES_AGGRESSIVE;
				GCC_WARN_UNUSED_FUNCTION = YES;
				GCC_WARN_UNUSED_VARIABLE = YES;
				IPHONEOS_DEPLOYMENT_TARGET = 15.4;
				MTL_ENABLE_DEBUG_INFO = NO;
				MTL_FAST_MATH = YES;
				SDKROOT = iphoneos;
				SWIFT_COMPILATION_MODE = wholemodule;
				SWIFT_OPTIMIZATION_LEVEL = "-O";
				VALIDATE_PRODUCT = YES;
			};
			name = Release;
		};
		66678B9B2846424500A93CED /* Debug */ = {
			isa = XCBuildConfiguration;
			baseConfigurationReference = D4F2E86BAB67D9461F73EA0D /* Pods-Mirror Glass.debug.xcconfig */;
			buildSettings = {
				ASSETCATALOG_COMPILER_APPICON_NAME = AppIcon;
				ASSETCATALOG_COMPILER_GLOBAL_ACCENT_COLOR_NAME = AccentColor;
				CODE_SIGN_STYLE = Automatic;
				CURRENT_PROJECT_VERSION = 1;
				DEVELOPMENT_TEAM = 7PC7AW82G2;
				GENERATE_INFOPLIST_FILE = YES;
				INFOPLIST_FILE = "Mirror Glass/Info.plist";
				INFOPLIST_KEY_UIApplicationSupportsIndirectInputEvents = YES;
				INFOPLIST_KEY_UILaunchStoryboardName = LaunchScreen;
				INFOPLIST_KEY_UISupportedInterfaceOrientations = UIInterfaceOrientationPortrait;
				INFOPLIST_KEY_UISupportedInterfaceOrientations_iPad = "UIInterfaceOrientationPortrait UIInterfaceOrientationPortraitUpsideDown UIInterfaceOrientationLandscapeLeft UIInterfaceOrientationLandscapeRight";
				INFOPLIST_KEY_UISupportedInterfaceOrientations_iPhone = "UIInterfaceOrientationPortrait UIInterfaceOrientationLandscapeLeft UIInterfaceOrientationLandscapeRight";
				LD_RUNPATH_SEARCH_PATHS = (
					"$(inherited)",
					"@executable_path/Frameworks",
				);
				MARKETING_VERSION = 1.0;
				PRODUCT_BUNDLE_IDENTIFIER = "io.hittori.Mirror-Glass";
				PRODUCT_NAME = "$(TARGET_NAME)";
				SWIFT_EMIT_LOC_STRINGS = YES;
				SWIFT_VERSION = 5.0;
				TARGETED_DEVICE_FAMILY = 1;
			};
			name = Debug;
		};
		66678B9C2846424500A93CED /* Release */ = {
			isa = XCBuildConfiguration;
			baseConfigurationReference = 552625C539C8687685FEA69E /* Pods-Mirror Glass.release.xcconfig */;
			buildSettings = {
				ASSETCATALOG_COMPILER_APPICON_NAME = AppIcon;
				ASSETCATALOG_COMPILER_GLOBAL_ACCENT_COLOR_NAME = AccentColor;
				CODE_SIGN_STYLE = Automatic;
				CURRENT_PROJECT_VERSION = 1;
				DEVELOPMENT_TEAM = 7PC7AW82G2;
				GENERATE_INFOPLIST_FILE = YES;
				INFOPLIST_FILE = "Mirror Glass/Info.plist";
				INFOPLIST_KEY_UIApplicationSupportsIndirectInputEvents = YES;
				INFOPLIST_KEY_UILaunchStoryboardName = LaunchScreen;
				INFOPLIST_KEY_UISupportedInterfaceOrientations = UIInterfaceOrientationPortrait;
				INFOPLIST_KEY_UISupportedInterfaceOrientations_iPad = "UIInterfaceOrientationPortrait UIInterfaceOrientationPortraitUpsideDown UIInterfaceOrientationLandscapeLeft UIInterfaceOrientationLandscapeRight";
				INFOPLIST_KEY_UISupportedInterfaceOrientations_iPhone = "UIInterfaceOrientationPortrait UIInterfaceOrientationLandscapeLeft UIInterfaceOrientationLandscapeRight";
				LD_RUNPATH_SEARCH_PATHS = (
					"$(inherited)",
					"@executable_path/Frameworks",
				);
				MARKETING_VERSION = 1.0;
				PRODUCT_BUNDLE_IDENTIFIER = "io.hittori.Mirror-Glass";
				PRODUCT_NAME = "$(TARGET_NAME)";
				SWIFT_EMIT_LOC_STRINGS = YES;
				SWIFT_VERSION = 5.0;
				TARGETED_DEVICE_FAMILY = 1;
			};
			name = Release;
		};
		66678B9E2846424500A93CED /* Debug */ = {
			isa = XCBuildConfiguration;
			baseConfigurationReference = 9EDC58C89A45FCFACF05838E /* Pods-Mirror GlassTests.debug.xcconfig */;
			buildSettings = {
				ALWAYS_EMBED_SWIFT_STANDARD_LIBRARIES = YES;
				BUNDLE_LOADER = "$(TEST_HOST)";
				CODE_SIGN_STYLE = Automatic;
				CURRENT_PROJECT_VERSION = 1;
				DEVELOPMENT_TEAM = 7PC7AW82G2;
				GENERATE_INFOPLIST_FILE = YES;
				IPHONEOS_DEPLOYMENT_TARGET = 15.4;
				MARKETING_VERSION = 1.0;
				PRODUCT_BUNDLE_IDENTIFIER = "io.hittori.Mirror-GlassTests";
				PRODUCT_NAME = "$(TARGET_NAME)";
				SWIFT_EMIT_LOC_STRINGS = NO;
				SWIFT_VERSION = 5.0;
				TARGETED_DEVICE_FAMILY = "1,2";
				TEST_HOST = "$(BUILT_PRODUCTS_DIR)/Mirror Glass.app/Mirror Glass";
			};
			name = Debug;
		};
		66678B9F2846424500A93CED /* Release */ = {
			isa = XCBuildConfiguration;
			baseConfigurationReference = CBBB55EB55F5F46446BC1E54 /* Pods-Mirror GlassTests.release.xcconfig */;
			buildSettings = {
				ALWAYS_EMBED_SWIFT_STANDARD_LIBRARIES = YES;
				BUNDLE_LOADER = "$(TEST_HOST)";
				CODE_SIGN_STYLE = Automatic;
				CURRENT_PROJECT_VERSION = 1;
				DEVELOPMENT_TEAM = 7PC7AW82G2;
				GENERATE_INFOPLIST_FILE = YES;
				IPHONEOS_DEPLOYMENT_TARGET = 15.4;
				MARKETING_VERSION = 1.0;
				PRODUCT_BUNDLE_IDENTIFIER = "io.hittori.Mirror-GlassTests";
				PRODUCT_NAME = "$(TARGET_NAME)";
				SWIFT_EMIT_LOC_STRINGS = NO;
				SWIFT_VERSION = 5.0;
				TARGETED_DEVICE_FAMILY = "1,2";
				TEST_HOST = "$(BUILT_PRODUCTS_DIR)/Mirror Glass.app/Mirror Glass";
			};
			name = Release;
		};
/* End XCBuildConfiguration section */

/* Begin XCConfigurationList section */
		66678B682846424300A93CED /* Build configuration list for PBXProject "Mirror Glass" */ = {
			isa = XCConfigurationList;
			buildConfigurations = (
				66678B982846424500A93CED /* Debug */,
				66678B992846424500A93CED /* Release */,
			);
			defaultConfigurationIsVisible = 0;
			defaultConfigurationName = Release;
		};
		66678B9A2846424500A93CED /* Build configuration list for PBXNativeTarget "Mirror Glass" */ = {
			isa = XCConfigurationList;
			buildConfigurations = (
				66678B9B2846424500A93CED /* Debug */,
				66678B9C2846424500A93CED /* Release */,
			);
			defaultConfigurationIsVisible = 0;
			defaultConfigurationName = Release;
		};
		66678B9D2846424500A93CED /* Build configuration list for PBXNativeTarget "Mirror GlassTests" */ = {
			isa = XCConfigurationList;
			buildConfigurations = (
				66678B9E2846424500A93CED /* Debug */,
				66678B9F2846424500A93CED /* Release */,
			);
			defaultConfigurationIsVisible = 0;
			defaultConfigurationName = Release;
		};
/* End XCConfigurationList section */

/* Begin XCVersionGroup section */
		66678B792846424300A93CED /* Mirror_Glass.xcdatamodeld */ = {
			isa = XCVersionGroup;
			children = (
				66678B7A2846424300A93CED /* Mirror_Glass.xcdatamodel */,
			);
			currentVersion = 66678B7A2846424300A93CED /* Mirror_Glass.xcdatamodel */;
			path = Mirror_Glass.xcdatamodeld;
			sourceTree = "<group>";
			versionGroupType = wrapper.xcdatamodel;
		};
/* End XCVersionGroup section */
	};
	rootObject = 66678B652846424300A93CED /* Project object */;
}
