// !$*UTF8*$!
{
	archiveVersion = 1;
	classes = {
	};
	objectVersion = 55;
	objects = {

/* Begin PBXBuildFile section */
		66678B712846424300A93CED /* AppDelegate.swift in Sources */ = {isa = PBXBuildFile; fileRef = 66678B702846424300A93CED /* AppDelegate.swift */; };
		66678B732846424300A93CED /* SceneDelegate.swift in Sources */ = {isa = PBXBuildFile; fileRef = 66678B722846424300A93CED /* SceneDelegate.swift */; };
		66678B752846424300A93CED /* ViewController.swift in Sources */ = {isa = PBXBuildFile; fileRef = 66678B742846424300A93CED /* ViewController.swift */; };
		66678B782846424300A93CED /* Main.storyboard in Resources */ = {isa = PBXBuildFile; fileRef = 66678B762846424300A93CED /* Main.storyboard */; };
		66678B7B2846424300A93CED /* Mirror_Glass.xcdatamodeld in Sources */ = {isa = PBXBuildFile; fileRef = 66678B792846424300A93CED /* Mirror_Glass.xcdatamodeld */; };
		66678B7D2846424500A93CED /* Assets.xcassets in Resources */ = {isa = PBXBuildFile; fileRef = 66678B7C2846424500A93CED /* Assets.xcassets */; };
		66678B802846424500A93CED /* LaunchScreen.storyboard in Resources */ = {isa = PBXBuildFile; fileRef = 66678B7E2846424500A93CED /* LaunchScreen.storyboard */; };
		66678B8B2846424500A93CED /* Mirror_GlassTests.swift in Sources */ = {isa = PBXBuildFile; fileRef = 66678B8A2846424500A93CED /* Mirror_GlassTests.swift */; };
		66678B952846424500A93CED /* Mirror_GlassUITests.swift in Sources */ = {isa = PBXBuildFile; fileRef = 66678B942846424500A93CED /* Mirror_GlassUITests.swift */; };
		66678B972846424500A93CED /* Mirror_GlassUITestsLaunchTests.swift in Sources */ = {isa = PBXBuildFile; fileRef = 66678B962846424500A93CED /* Mirror_GlassUITestsLaunchTests.swift */; };
/* End PBXBuildFile section */

/* Begin PBXContainerItemProxy section */
		66678B872846424500A93CED /* PBXContainerItemProxy */ = {
			isa = PBXContainerItemProxy;
			containerPortal = 66678B652846424300A93CED /* Project object */;
			proxyType = 1;
			remoteGlobalIDString = 66678B6C2846424300A93CED;
			remoteInfo = "Mirror Glass";
		};
		66678B912846424500A93CED /* PBXContainerItemProxy */ = {
			isa = PBXContainerItemProxy;
			containerPortal = 66678B652846424300A93CED /* Project object */;
			proxyType = 1;
			remoteGlobalIDString = 66678B6C2846424300A93CED;
			remoteInfo = "Mirror Glass";
		};
/* End PBXContainerItemProxy section */

/* Begin PBXFileReference section */
		66678B6D2846424300A93CED /* Mirror Glass.app */ = {isa = PBXFileReference; explicitFileType = wrapper.application; includeInIndex = 0; path = "Mirror Glass.app"; sourceTree = BUILT_PRODUCTS_DIR; };
		66678B702846424300A93CED /* AppDelegate.swift */ = {isa = PBXFileReference; lastKnownFileType = sourcecode.swift; path = AppDelegate.swift; sourceTree = "<group>"; };
		66678B722846424300A93CED /* SceneDelegate.swift */ = {isa = PBXFileReference; lastKnownFileType = sourcecode.swift; path = SceneDelegate.swift; sourceTree = "<group>"; };
		66678B742846424300A93CED /* ViewController.swift */ = {isa = PBXFileReference; lastKnownFileType = sourcecode.swift; path = ViewController.swift; sourceTree = "<group>"; };
		66678B772846424300A93CED /* Base */ = {isa = PBXFileReference; lastKnownFileType = file.storyboard; name = Base; path = Base.lproj/Main.storyboard; sourceTree = "<group>"; };
		66678B7A2846424300A93CED /* Mirror_Glass.xcdatamodel */ = {isa = PBXFileReference; lastKnownFileType = wrapper.xcdatamodel; path = Mirror_Glass.xcdatamodel; sourceTree = "<group>"; };
		66678B7C2846424500A93CED /* Assets.xcassets */ = {isa = PBXFileReference; lastKnownFileType = folder.assetcatalog; path = Assets.xcassets; sourceTree = "<group>"; };
		66678B7F2846424500A93CED /* Base */ = {isa = PBXFileReference; lastKnownFileType = file.storyboard; name = Base; path = Base.lproj/LaunchScreen.storyboard; sourceTree = "<group>"; };
		66678B812846424500A93CED /* Info.plist */ = {isa = PBXFileReference; lastKnownFileType = text.plist.xml; path = Info.plist; sourceTree = "<group>"; };
		66678B862846424500A93CED /* Mirror GlassTests.xctest */ = {isa = PBXFileReference; explicitFileType = wrapper.cfbundle; includeInIndex = 0; path = "Mirror GlassTests.xctest"; sourceTree = BUILT_PRODUCTS_DIR; };
		66678B8A2846424500A93CED /* Mirror_GlassTests.swift */ = {isa = PBXFileReference; lastKnownFileType = sourcecode.swift; path = Mirror_GlassTests.swift; sourceTree = "<group>"; };
		66678B902846424500A93CED /* Mirror GlassUITests.xctest */ = {isa = PBXFileReference; explicitFileType = wrapper.cfbundle; includeInIndex = 0; path = "Mirror GlassUITests.xctest"; sourceTree = BUILT_PRODUCTS_DIR; };
		66678B942846424500A93CED /* Mirror_GlassUITests.swift */ = {isa = PBXFileReference; lastKnownFileType = sourcecode.swift; path = Mirror_GlassUITests.swift; sourceTree = "<group>"; };
		66678B962846424500A93CED /* Mirror_GlassUITestsLaunchTests.swift */ = {isa = PBXFileReference; lastKnownFileType = sourcecode.swift; path = Mirror_GlassUITestsLaunchTests.swift; sourceTree = "<group>"; };
/* End PBXFileReference section */

/* Begin PBXFrameworksBuildPhase section */
		66678B6A2846424300A93CED /* Frameworks */ = {
			isa = PBXFrameworksBuildPhase;
			buildActionMask = 2147483647;
			files = (
			);
			runOnlyForDeploymentPostprocessing = 0;
		};
		66678B832846424500A93CED /* Frameworks */ = {
			isa = PBXFrameworksBuildPhase;
			buildActionMask = 2147483647;
			files = (
			);
			runOnlyForDeploymentPostprocessing = 0;
		};
		66678B8D2846424500A93CED /* Frameworks */ = {
			isa = PBXFrameworksBuildPhase;
			buildActionMask = 2147483647;
			files = (
			);
			runOnlyForDeploymentPostprocessing = 0;
		};
/* End PBXFrameworksBuildPhase section */

/* Begin PBXGroup section */
		66678B642846424300A93CED = {
			isa = PBXGroup;
			children = (
				66678B6F2846424300A93CED /* Mirror Glass */,
				66678B892846424500A93CED /* Mirror GlassTests */,
				66678B932846424500A93CED /* Mirror GlassUITests */,
				66678B6E2846424300A93CED /* Products */,
			);
			sourceTree = "<group>";
		};
		66678B6E2846424300A93CED /* Products */ = {
			isa = PBXGroup;
			children = (
				66678B6D2846424300A93CED /* Mirror Glass.app */,
				66678B862846424500A93CED /* Mirror GlassTests.xctest */,
				66678B902846424500A93CED /* Mirror GlassUITests.xctest */,
			);
			name = Products;
			sourceTree = "<group>";
		};
		66678B6F2846424300A93CED /* Mirror Glass */ = {
			isa = PBXGroup;
			children = (
				66678B702846424300A93CED /* AppDelegate.swift */,
				66678B722846424300A93CED /* SceneDelegate.swift */,
				66678B742846424300A93CED /* ViewController.swift */,
				66678B762846424300A93CED /* Main.storyboard */,
				66678B7C2846424500A93CED /* Assets.xcassets */,
				66678B7E2846424500A93CED /* LaunchScreen.storyboard */,
				66678B812846424500A93CED /* Info.plist */,
				66678B792846424300A93CED /* Mirror_Glass.xcdatamodeld */,
			);
			path = "Mirror Glass";
			sourceTree = "<group>";
		};
		66678B892846424500A93CED /* Mirror GlassTests */ = {
			isa = PBXGroup;
			children = (
				66678B8A2846424500A93CED /* Mirror_GlassTests.swift */,
			);
			path = "Mirror GlassTests";
			sourceTree = "<group>";
		};
		66678B932846424500A93CED /* Mirror GlassUITests */ = {
			isa = PBXGroup;
			children = (
				66678B942846424500A93CED /* Mirror_GlassUITests.swift */,
				66678B962846424500A93CED /* Mirror_GlassUITestsLaunchTests.swift */,
			);
			path = "Mirror GlassUITests";
			sourceTree = "<group>";
		};
/* End PBXGroup section */

/* Begin PBXNativeTarget section */
		66678B6C2846424300A93CED /* Mirror Glass */ = {
			isa = PBXNativeTarget;
			buildConfigurationList = 66678B9A2846424500A93CED /* Build configuration list for PBXNativeTarget "Mirror Glass" */;
			buildPhases = (
				66678B692846424300A93CED /* Sources */,
				66678B6A2846424300A93CED /* Frameworks */,
				66678B6B2846424300A93CED /* Resources */,
			);
			buildRules = (
			);
			dependencies = (
			);
			name = "Mirror Glass";
			productName = "Mirror Glass";
			productReference = 66678B6D2846424300A93CED /* Mirror Glass.app */;
			productType = "com.apple.product-type.application";
		};
		66678B852846424500A93CED /* Mirror GlassTests */ = {
			isa = PBXNativeTarget;
			buildConfigurationList = 66678B9D2846424500A93CED /* Build configuration list for PBXNativeTarget "Mirror GlassTests" */;
			buildPhases = (
				66678B822846424500A93CED /* Sources */,
				66678B832846424500A93CED /* Frameworks */,
				66678B842846424500A93CED /* Resources */,
			);
			buildRules = (
			);
			dependencies = (
				66678B882846424500A93CED /* PBXTargetDependency */,
			);
			name = "Mirror GlassTests";
			productName = "Mirror GlassTests";
			productReference = 66678B862846424500A93CED /* Mirror GlassTests.xctest */;
			productType = "com.apple.product-type.bundle.unit-test";
		};
		66678B8F2846424500A93CED /* Mirror GlassUITests */ = {
			isa = PBXNativeTarget;
			buildConfigurationList = 66678BA02846424500A93CED /* Build configuration list for PBXNativeTarget "Mirror GlassUITests" */;
			buildPhases = (
				66678B8C2846424500A93CED /* Sources */,
				66678B8D2846424500A93CED /* Frameworks */,
				66678B8E2846424500A93CED /* Resources */,
			);
			buildRules = (
			);
			dependencies = (
				66678B922846424500A93CED /* PBXTargetDependency */,
			);
			name = "Mirror GlassUITests";
			productName = "Mirror GlassUITests";
			productReference = 66678B902846424500A93CED /* Mirror GlassUITests.xctest */;
			productType = "com.apple.product-type.bundle.ui-testing";
		};
/* End PBXNativeTarget section */

/* Begin PBXProject section */
		66678B652846424300A93CED /* Project object */ = {
			isa = PBXProject;
			attributes = {
				BuildIndependentTargetsInParallel = 1;
				LastSwiftUpdateCheck = 1330;
				LastUpgradeCheck = 1330;
				TargetAttributes = {
					66678B6C2846424300A93CED = {
						CreatedOnToolsVersion = 13.3;
					};
					66678B852846424500A93CED = {
						CreatedOnToolsVersion = 13.3;
						TestTargetID = 66678B6C2846424300A93CED;
					};
					66678B8F2846424500A93CED = {
						CreatedOnToolsVersion = 13.3;
						TestTargetID = 66678B6C2846424300A93CED;
					};
				};
			};
			buildConfigurationList = 66678B682846424300A93CED /* Build configuration list for PBXProject "Mirror Glass" */;
			compatibilityVersion = "Xcode 13.0";
			developmentRegion = en;
			hasScannedForEncodings = 0;
			knownRegions = (
				en,
				Base,
			);
			mainGroup = 66678B642846424300A93CED;
			productRefGroup = 66678B6E2846424300A93CED /* Products */;
			projectDirPath = "";
			projectRoot = "";
			targets = (
				66678B6C2846424300A93CED /* Mirror Glass */,
				66678B852846424500A93CED /* Mirror GlassTests */,
				66678B8F2846424500A93CED /* Mirror GlassUITests */,
			);
		};
/* End PBXProject section */

/* Begin PBXResourcesBuildPhase section */
		66678B6B2846424300A93CED /* Resources */ = {
			isa = PBXResourcesBuildPhase;
			buildActionMask = 2147483647;
			files = (
				66678B802846424500A93CED /* LaunchScreen.storyboard in Resources */,
				66678B7D2846424500A93CED /* Assets.xcassets in Resources */,
				66678B782846424300A93CED /* Main.storyboard in Resources */,
			);
			runOnlyForDeploymentPostprocessing = 0;
		};
		66678B842846424500A93CED /* Resources */ = {
			isa = PBXResourcesBuildPhase;
			buildActionMask = 2147483647;
			files = (
			);
			runOnlyForDeploymentPostprocessing = 0;
		};
		66678B8E2846424500A93CED /* Resources */ = {
			isa = PBXResourcesBuildPhase;
			buildActionMask = 2147483647;
			files = (
			);
			runOnlyForDeploymentPostprocessing = 0;
		};
/* End PBXResourcesBuildPhase section */

/* Begin PBXSourcesBuildPhase section */
		66678B692846424300A93CED /* Sources */ = {
			isa = PBXSourcesBuildPhase;
			buildActionMask = 2147483647;
			files = (
				66678B752846424300A93CED /* ViewController.swift in Sources */,
				66678B7B2846424300A93CED /* Mirror_Glass.xcdatamodeld in Sources */,
				66678B712846424300A93CED /* AppDelegate.swift in Sources */,
				66678B732846424300A93CED /* SceneDelegate.swift in Sources */,
			);
			runOnlyForDeploymentPostprocessing = 0;
		};
		66678B822846424500A93CED /* Sources */ = {
			isa = PBXSourcesBuildPhase;
			buildActionMask = 2147483647;
			files = (
				66678B8B2846424500A93CED /* Mirror_GlassTests.swift in Sources */,
			);
			runOnlyForDeploymentPostprocessing = 0;
		};
		66678B8C2846424500A93CED /* Sources */ = {
			isa = PBXSourcesBuildPhase;
			buildActionMask = 2147483647;
			files = (
				66678B972846424500A93CED /* Mirror_GlassUITestsLaunchTests.swift in Sources */,
				66678B952846424500A93CED /* Mirror_GlassUITests.swift in Sources */,
			);
			runOnlyForDeploymentPostprocessing = 0;
		};
/* End PBXSourcesBuildPhase section */

/* Begin PBXTargetDependency section */
		66678B882846424500A93CED /* PBXTargetDependency */ = {
			isa = PBXTargetDependency;
			target = 66678B6C2846424300A93CED /* Mirror Glass */;
			targetProxy = 66678B872846424500A93CED /* PBXContainerItemProxy */;
		};
		66678B922846424500A93CED /* PBXTargetDependency */ = {
			isa = PBXTargetDependency;
			target = 66678B6C2846424300A93CED /* Mirror Glass */;
			targetProxy = 66678B912846424500A93CED /* PBXContainerItemProxy */;
		};
/* End PBXTargetDependency section */

/* Begin PBXVariantGroup section */
		66678B762846424300A93CED /* Main.storyboard */ = {
			isa = PBXVariantGroup;
			children = (
				66678B772846424300A93CED /* Base */,
			);
			name = Main.storyboard;
			sourceTree = "<group>";
		};
		66678B7E2846424500A93CED /* LaunchScreen.storyboard */ = {
			isa = PBXVariantGroup;
			children = (
				66678B7F2846424500A93CED /* Base */,
			);
			name = LaunchScreen.storyboard;
			sourceTree = "<group>";
		};
/* End PBXVariantGroup section */

/* Begin XCBuildConfiguration section */
		66678B982846424500A93CED /* Debug */ = {
			isa = XCBuildConfiguration;
			buildSettings = {
				ALWAYS_SEARCH_USER_PATHS = NO;
				CLANG_ANALYZER_NONNULL = YES;
				CLANG_ANALYZER_NUMBER_OBJECT_CONVERSION = YES_AGGRESSIVE;
				CLANG_CXX_LANGUAGE_STANDARD = "gnu++17";
				CLANG_ENABLE_MODULES = YES;
				CLANG_ENABLE_OBJC_ARC = YES;
				CLANG_ENABLE_OBJC_WEAK = YES;
				CLANG_WARN_BLOCK_CAPTURE_AUTORELEASING = YES;
				CLANG_WARN_BOOL_CONVERSION = YES;
				CLANG_WARN_COMMA = YES;
				CLANG_WARN_CONSTANT_CONVERSION = YES;
				CLANG_WARN_DEPRECATED_OBJC_IMPLEMENTATIONS = YES;
				CLANG_WARN_DIRECT_OBJC_ISA_USAGE = YES_ERROR;
				CLANG_WARN_DOCUMENTATION_COMMENTS = YES;
				CLANG_WARN_EMPTY_BODY = YES;
				CLANG_WARN_ENUM_CONVERSION = YES;
				CLANG_WARN_INFINITE_RECURSION = YES;
				CLANG_WARN_INT_CONVERSION = YES;
				CLANG_WARN_NON_LITERAL_NULL_CONVERSION = YES;
				CLANG_WARN_OBJC_IMPLICIT_RETAIN_SELF = YES;
				CLANG_WARN_OBJC_LITERAL_CONVERSION = YES;
				CLANG_WARN_OBJC_ROOT_CLASS = YES_ERROR;
				CLANG_WARN_QUOTED_INCLUDE_IN_FRAMEWORK_HEADER = YES;
				CLANG_WARN_RANGE_LOOP_ANALYSIS = YES;
				CLANG_WARN_STRICT_PROTOTYPES = YES;
				CLANG_WARN_SUSPICIOUS_MOVE = YES;
				CLANG_WARN_UNGUARDED_AVAILABILITY = YES_AGGRESSIVE;
				CLANG_WARN_UNREACHABLE_CODE = YES;
				CLANG_WARN__DUPLICATE_METHOD_MATCH = YES;
				COPY_PHASE_STRIP = NO;
				DEBUG_INFORMATION_FORMAT = dwarf;
				ENABLE_STRICT_OBJC_MSGSEND = YES;
				ENABLE_TESTABILITY = YES;
				GCC_C_LANGUAGE_STANDARD = gnu11;
				GCC_DYNAMIC_NO_PIC = NO;
				GCC_NO_COMMON_BLOCKS = YES;
				GCC_OPTIMIZATION_LEVEL = 0;
				GCC_PREPROCESSOR_DEFINITIONS = (
					"DEBUG=1",
					"$(inherited)",
				);
				GCC_WARN_64_TO_32_BIT_CONVERSION = YES;
				GCC_WARN_ABOUT_RETURN_TYPE = YES_ERROR;
				GCC_WARN_UNDECLARED_SELECTOR = YES;
				GCC_WARN_UNINITIALIZED_AUTOS = YES_AGGRESSIVE;
				GCC_WARN_UNUSED_FUNCTION = YES;
				GCC_WARN_UNUSED_VARIABLE = YES;
				IPHONEOS_DEPLOYMENT_TARGET = 15.4;
				MTL_ENABLE_DEBUG_INFO = INCLUDE_SOURCE;
				MTL_FAST_MATH = YES;
				ONLY_ACTIVE_ARCH = YES;
				SDKROOT = iphoneos;
				SWIFT_ACTIVE_COMPILATION_CONDITIONS = DEBUG;
				SWIFT_OPTIMIZATION_LEVEL = "-Onone";
			};
			name = Debug;
		};
		66678B992846424500A93CED /* Release */ = {
			isa = XCBuildConfiguration;
			buildSettings = {
				ALWAYS_SEARCH_USER_PATHS = NO;
				CLANG_ANALYZER_NONNULL = YES;
				CLANG_ANALYZER_NUMBER_OBJECT_CONVERSION = YES_AGGRESSIVE;
				CLANG_CXX_LANGUAGE_STANDARD = "gnu++17";
				CLANG_ENABLE_MODULES = YES;
				CLANG_ENABLE_OBJC_ARC = YES;
				CLANG_ENABLE_OBJC_WEAK = YES;
				CLANG_WARN_BLOCK_CAPTURE_AUTORELEASING = YES;
				CLANG_WARN_BOOL_CONVERSION = YES;
				CLANG_WARN_COMMA = YES;
				CLANG_WARN_CONSTANT_CONVERSION = YES;
				CLANG_WARN_DEPRECATED_OBJC_IMPLEMENTATIONS = YES;
				CLANG_WARN_DIRECT_OBJC_ISA_USAGE = YES_ERROR;
				CLANG_WARN_DOCUMENTATION_COMMENTS = YES;
				CLANG_WARN_EMPTY_BODY = YES;
				CLANG_WARN_ENUM_CONVERSION = YES;
				CLANG_WARN_INFINITE_RECURSION = YES;
				CLANG_WARN_INT_CONVERSION = YES;
				CLANG_WARN_NON_LITERAL_NULL_CONVERSION = YES;
				CLANG_WARN_OBJC_IMPLICIT_RETAIN_SELF = YES;
				CLANG_WARN_OBJC_LITERAL_CONVERSION = YES;
				CLANG_WARN_OBJC_ROOT_CLASS = YES_ERROR;
				CLANG_WARN_QUOTED_INCLUDE_IN_FRAMEWORK_HEADER = YES;
				CLANG_WARN_RANGE_LOOP_ANALYSIS = YES;
				CLANG_WARN_STRICT_PROTOTYPES = YES;
				CLANG_WARN_SUSPICIOUS_MOVE = YES;
				CLANG_WARN_UNGUARDED_AVAILABILITY = YES_AGGRESSIVE;
				CLANG_WARN_UNREACHABLE_CODE = YES;
				CLANG_WARN__DUPLICATE_METHOD_MATCH = YES;
				COPY_PHASE_STRIP = NO;
				DEBUG_INFORMATION_FORMAT = "dwarf-with-dsym";
				ENABLE_NS_ASSERTIONS = NO;
				ENABLE_STRICT_OBJC_MSGSEND = YES;
				GCC_C_LANGUAGE_STANDARD = gnu11;
				GCC_NO_COMMON_BLOCKS = YES;
				GCC_WARN_64_TO_32_BIT_CONVERSION = YES;
				GCC_WARN_ABOUT_RETURN_TYPE = YES_ERROR;
				GCC_WARN_UNDECLARED_SELECTOR = YES;
				GCC_WARN_UNINITIALIZED_AUTOS = YES_AGGRESSIVE;
				GCC_WARN_UNUSED_FUNCTION = YES;
				GCC_WARN_UNUSED_VARIABLE = YES;
				IPHONEOS_DEPLOYMENT_TARGET = 15.4;
				MTL_ENABLE_DEBUG_INFO = NO;
				MTL_FAST_MATH = YES;
				SDKROOT = iphoneos;
				SWIFT_COMPILATION_MODE = wholemodule;
				SWIFT_OPTIMIZATION_LEVEL = "-O";
				VALIDATE_PRODUCT = YES;
			};
			name = Release;
		};
		66678B9B2846424500A93CED /* Debug */ = {
			isa = XCBuildConfiguration;
			buildSettings = {
				ASSETCATALOG_COMPILER_APPICON_NAME = AppIcon;
				ASSETCATALOG_COMPILER_GLOBAL_ACCENT_COLOR_NAME = AccentColor;
				CODE_SIGN_STYLE = Automatic;
				CURRENT_PROJECT_VERSION = 1;
				DEVELOPMENT_TEAM = 7PC7AW82G2;
				GENERATE_INFOPLIST_FILE = YES;
				INFOPLIST_FILE = "Mirror Glass/Info.plist";
				INFOPLIST_KEY_UIApplicationSupportsIndirectInputEvents = YES;
				INFOPLIST_KEY_UILaunchStoryboardName = LaunchScreen;
				INFOPLIST_KEY_UIMainStoryboardFile = Main;
				INFOPLIST_KEY_UISupportedInterfaceOrientations_iPad = "UIInterfaceOrientationPortrait UIInterfaceOrientationPortraitUpsideDown UIInterfaceOrientationLandscapeLeft UIInterfaceOrientationLandscapeRight";
				INFOPLIST_KEY_UISupportedInterfaceOrientations_iPhone = "UIInterfaceOrientationPortrait UIInterfaceOrientationLandscapeLeft UIInterfaceOrientationLandscapeRight";
				LD_RUNPATH_SEARCH_PATHS = (
					"$(inherited)",
					"@executable_path/Frameworks",
				);
				MARKETING_VERSION = 1.0;
				PRODUCT_BUNDLE_IDENTIFIER = "io.hittori.Mirror-Glass";
				PRODUCT_NAME = "$(TARGET_NAME)";
				SWIFT_EMIT_LOC_STRINGS = YES;
				SWIFT_VERSION = 5.0;
				TARGETED_DEVICE_FAMILY = "1,2";
			};
			name = Debug;
		};
		66678B9C2846424500A93CED /* Release */ = {
			isa = XCBuildConfiguration;
			buildSettings = {
				ASSETCATALOG_COMPILER_APPICON_NAME = AppIcon;
				ASSETCATALOG_COMPILER_GLOBAL_ACCENT_COLOR_NAME = AccentColor;
				CODE_SIGN_STYLE = Automatic;
				CURRENT_PROJECT_VERSION = 1;
				DEVELOPMENT_TEAM = 7PC7AW82G2;
				GENERATE_INFOPLIST_FILE = YES;
				INFOPLIST_FILE = "Mirror Glass/Info.plist";
				INFOPLIST_KEY_UIApplicationSupportsIndirectInputEvents = YES;
				INFOPLIST_KEY_UILaunchStoryboardName = LaunchScreen;
				INFOPLIST_KEY_UIMainStoryboardFile = Main;
				INFOPLIST_KEY_UISupportedInterfaceOrientations_iPad = "UIInterfaceOrientationPortrait UIInterfaceOrientationPortraitUpsideDown UIInterfaceOrientationLandscapeLeft UIInterfaceOrientationLandscapeRight";
				INFOPLIST_KEY_UISupportedInterfaceOrientations_iPhone = "UIInterfaceOrientationPortrait UIInterfaceOrientationLandscapeLeft UIInterfaceOrientationLandscapeRight";
				LD_RUNPATH_SEARCH_PATHS = (
					"$(inherited)",
					"@executable_path/Frameworks",
				);
				MARKETING_VERSION = 1.0;
				PRODUCT_BUNDLE_IDENTIFIER = "io.hittori.Mirror-Glass";
				PRODUCT_NAME = "$(TARGET_NAME)";
				SWIFT_EMIT_LOC_STRINGS = YES;
				SWIFT_VERSION = 5.0;
				TARGETED_DEVICE_FAMILY = "1,2";
			};
			name = Release;
		};
		66678B9E2846424500A93CED /* Debug */ = {
			isa = XCBuildConfiguration;
			buildSettings = {
				ALWAYS_EMBED_SWIFT_STANDARD_LIBRARIES = YES;
				BUNDLE_LOADER = "$(TEST_HOST)";
				CODE_SIGN_STYLE = Automatic;
				CURRENT_PROJECT_VERSION = 1;
				DEVELOPMENT_TEAM = 7PC7AW82G2;
				GENERATE_INFOPLIST_FILE = YES;
				IPHONEOS_DEPLOYMENT_TARGET = 15.4;
				MARKETING_VERSION = 1.0;
				PRODUCT_BUNDLE_IDENTIFIER = "io.hittori.Mirror-GlassTests";
				PRODUCT_NAME = "$(TARGET_NAME)";
				SWIFT_EMIT_LOC_STRINGS = NO;
				SWIFT_VERSION = 5.0;
				TARGETED_DEVICE_FAMILY = "1,2";
				TEST_HOST = "$(BUILT_PRODUCTS_DIR)/Mirror Glass.app/Mirror Glass";
			};
			name = Debug;
		};
		66678B9F2846424500A93CED /* Release */ = {
			isa = XCBuildConfiguration;
			buildSettings = {
				ALWAYS_EMBED_SWIFT_STANDARD_LIBRARIES = YES;
				BUNDLE_LOADER = "$(TEST_HOST)";
				CODE_SIGN_STYLE = Automatic;
				CURRENT_PROJECT_VERSION = 1;
				DEVELOPMENT_TEAM = 7PC7AW82G2;
				GENERATE_INFOPLIST_FILE = YES;
				IPHONEOS_DEPLOYMENT_TARGET = 15.4;
				MARKETING_VERSION = 1.0;
				PRODUCT_BUNDLE_IDENTIFIER = "io.hittori.Mirror-GlassTests";
				PRODUCT_NAME = "$(TARGET_NAME)";
				SWIFT_EMIT_LOC_STRINGS = NO;
				SWIFT_VERSION = 5.0;
				TARGETED_DEVICE_FAMILY = "1,2";
				TEST_HOST = "$(BUILT_PRODUCTS_DIR)/Mirror Glass.app/Mirror Glass";
			};
			name = Release;
		};
		66678BA12846424500A93CED /* Debug */ = {
			isa = XCBuildConfiguration;
			buildSettings = {
				ALWAYS_EMBED_SWIFT_STANDARD_LIBRARIES = YES;
				CODE_SIGN_STYLE = Automatic;
				CURRENT_PROJECT_VERSION = 1;
				DEVELOPMENT_TEAM = 7PC7AW82G2;
				GENERATE_INFOPLIST_FILE = YES;
				MARKETING_VERSION = 1.0;
				PRODUCT_BUNDLE_IDENTIFIER = "io.hittori.Mirror-GlassUITests";
				PRODUCT_NAME = "$(TARGET_NAME)";
				SWIFT_EMIT_LOC_STRINGS = NO;
				SWIFT_VERSION = 5.0;
				TARGETED_DEVICE_FAMILY = "1,2";
				TEST_TARGET_NAME = "Mirror Glass";
			};
			name = Debug;
		};
		66678BA22846424500A93CED /* Release */ = {
			isa = XCBuildConfiguration;
			buildSettings = {
				ALWAYS_EMBED_SWIFT_STANDARD_LIBRARIES = YES;
				CODE_SIGN_STYLE = Automatic;
				CURRENT_PROJECT_VERSION = 1;
				DEVELOPMENT_TEAM = 7PC7AW82G2;
				GENERATE_INFOPLIST_FILE = YES;
				MARKETING_VERSION = 1.0;
				PRODUCT_BUNDLE_IDENTIFIER = "io.hittori.Mirror-GlassUITests";
				PRODUCT_NAME = "$(TARGET_NAME)";
				SWIFT_EMIT_LOC_STRINGS = NO;
				SWIFT_VERSION = 5.0;
				TARGETED_DEVICE_FAMILY = "1,2";
				TEST_TARGET_NAME = "Mirror Glass";
			};
			name = Release;
		};
/* End XCBuildConfiguration section */

/* Begin XCConfigurationList section */
		66678B682846424300A93CED /* Build configuration list for PBXProject "Mirror Glass" */ = {
			isa = XCConfigurationList;
			buildConfigurations = (
				66678B982846424500A93CED /* Debug */,
				66678B992846424500A93CED /* Release */,
			);
			defaultConfigurationIsVisible = 0;
			defaultConfigurationName = Release;
		};
		66678B9A2846424500A93CED /* Build configuration list for PBXNativeTarget "Mirror Glass" */ = {
			isa = XCConfigurationList;
			buildConfigurations = (
				66678B9B2846424500A93CED /* Debug */,
				66678B9C2846424500A93CED /* Release */,
			);
			defaultConfigurationIsVisible = 0;
			defaultConfigurationName = Release;
		};
		66678B9D2846424500A93CED /* Build configuration list for PBXNativeTarget "Mirror GlassTests" */ = {
			isa = XCConfigurationList;
			buildConfigurations = (
				66678B9E2846424500A93CED /* Debug */,
				66678B9F2846424500A93CED /* Release */,
			);
			defaultConfigurationIsVisible = 0;
			defaultConfigurationName = Release;
		};
		66678BA02846424500A93CED /* Build configuration list for PBXNativeTarget "Mirror GlassUITests" */ = {
			isa = XCConfigurationList;
			buildConfigurations = (
				66678BA12846424500A93CED /* Debug */,
				66678BA22846424500A93CED /* Release */,
			);
			defaultConfigurationIsVisible = 0;
			defaultConfigurationName = Release;
		};
/* End XCConfigurationList section */

/* Begin XCVersionGroup section */
		66678B792846424300A93CED /* Mirror_Glass.xcdatamodeld */ = {
			isa = XCVersionGroup;
			children = (
				66678B7A2846424300A93CED /* Mirror_Glass.xcdatamodel */,
			);
			currentVersion = 66678B7A2846424300A93CED /* Mirror_Glass.xcdatamodel */;
			path = Mirror_Glass.xcdatamodeld;
			sourceTree = "<group>";
			versionGroupType = wrapper.xcdatamodel;
		};
/* End XCVersionGroup section */
	};
	rootObject = 66678B652846424300A93CED /* Project object */;
}
